
Microsoft Visual Studio Solution File, Format Version 12.00
# Visual Studio Version 17
VisualStudioVersion = 17.9.34616.47
MinimumVisualStudioVersion = 10.0.40219.1
Project("{FAE04EC0-301F-11D3-BF4B-00C04F79EFBC}") = "DeXuong", "DeXuong\DeXuong.csproj", "{FB45FF1B-AA34-4842-ADF6-2D7E4BAECA82}"
EndProject
Global
	GlobalSection(SolutionConfigurationPlatforms) = preSolution
		Debug|Any CPU = Debug|Any CPU
		Release|Any CPU = Release|Any CPU
	EndGlobalSection
	GlobalSection(ProjectConfigurationPlatforms) = postSolution
		{FB45FF1B-AA34-4842-ADF6-2D7E4BAECA82}.Debug|Any CPU.ActiveCfg = Debug|Any CPU
		{FB45FF1B-AA34-4842-ADF6-2D7E4BAECA82}.Debug|Any CPU.Build.0 = Debug|Any CPU
		{FB45FF1B-AA34-4842-ADF6-2D7E4BAECA82}.Release|Any CPU.ActiveCfg = Release|Any CPU
		{FB45FF1B-AA34-4842-ADF6-2D7E4BAECA82}.Release|Any CPU.Build.0 = Release|Any CPU
	EndGlobalSection
	GlobalSection(SolutionProperties) = preSolution
		HideSolutionNode = FALSE
	EndGlobalSection
	GlobalSection(ExtensibilityGlobals) = postSolution
		SolutionGuid = {D435C225-1A48-4051-BD76-03E5F1914AD9}
	EndGlobalSection
EndGlobal
